# This file is automatically @generated by Cargo.
# It is not intended for manual editing.
version = 4

[[package]]
name = "op_browser"
version = "0.1.0"
dependencies = [
 "op_engine",
 "op_platform_win",
]

[[package]]
name = "op_css"
version = "0.1.0"

[[package]]
name = "op_dom"
version = "0.1.0"

[[package]]
name = "op_engine"
version = "0.1.0"
dependencies = [
 "op_css",
 "op_dom",
 "op_html",
 "op_js",
 "op_layout",
 "op_net",
 "op_paint",
]

[[package]]
name = "op_html"
version = "0.1.0"
dependencies = [
 "op_dom",
]

[[package]]
name = "op_js"
version = "0.1.0"

[[package]]
name = "op_layout"
version = "0.1.0"
dependencies = [
 "op_dom",
]

[[package]]
name = "op_net"
version = "0.1.0"

[[package]]
name = "op_paint"
version = "0.1.0"
dependencies = [
 "op_layout",
]

[[package]]
name = "op_platform_win"
version = "0.1.0"
dependencies = [
 "op_paint",
 "windows-sys",
]

[[package]]
name = "windows-link"
version = "0.2.1"
source = "registry+https://github.com/rust-lang/crates.io-index"
checksum = "f0805222e57f7521d6a62e36fa9163bc891acd422f971defe97d64e70d0a4fe5"

[[package]]
name = "windows-sys"
version = "0.61.2"
source = "registry+https://github.com/rust-lang/crates.io-index"
checksum = "ae137229bcbd6cdf0f7b80a31df61766145077ddf49416a728b02cb3921ff3fc"
dependencies = [
 "windows-link",
]
